
Microsoft Visual Studio Solution File, Format Version 12.00
# Visual Studio Version 17
VisualStudioVersion = 17.0.31903.59
MinimumVisualStudioVersion = 10.0.40219.1
Project("{2150E333-8FDC-42A3-9474-1A3956D46DE8}") = "src", "src", "{827E0CD3-B72D-47B6-A68D-7590B98EB39B}"
EndProject
Project("{FAE04EC0-301F-11D3-BF4B-00C04F79EFBC}") = "Accelerad.Daylight.Core", "src\Accelerad.Daylight.Core\Accelerad.Daylight.Core.csproj", "{1319C5D7-84B5-4C92-A160-97ED8EFE94FF}"
EndProject
Project("{FAE04EC0-301F-11D3-BF4B-00C04F79EFBC}") = "Accelerad.Daylight.Cli", "src\Accelerad.Daylight.Cli\Accelerad.Daylight.Cli.csproj", "{61BF5B75-6B83-4F41-A811-18EA834BC9BC}"
EndProject
Project("{2150E333-8FDC-42A3-9474-1A3956D46DE8}") = "tests", "tests", "{0AB3BF05-4346-4AA6-1389-037BE0695223}"
EndProject
Project("{FAE04EC0-301F-11D3-BF4B-00C04F79EFBC}") = "Accelerad.Daylight.Core.Tests", "tests\Accelerad.Daylight.Core.Tests\Accelerad.Daylight.Core.Tests.csproj", "{DDB1E27F-ED39-4E5B-83C1-CF14A3B14970}"
EndProject
Project("{FAE04EC0-301F-11D3-BF4B-00C04F79EFBC}") = "Accelerad.Daylight.Grasshopper", "src\Accelerad.Daylight.Grasshopper\Accelerad.Daylight.Grasshopper.csproj", "{C9ADD723-0E3A-41B2-8441-DD4601D1A3DB}"
EndProject
Global
	GlobalSection(SolutionConfigurationPlatforms) = preSolution
		Debug|Any CPU = Debug|Any CPU
		Debug|x64 = Debug|x64
		Debug|x86 = Debug|x86
		Release|Any CPU = Release|Any CPU
		Release|x64 = Release|x64
		Release|x86 = Release|x86
	EndGlobalSection
	GlobalSection(ProjectConfigurationPlatforms) = postSolution
		{1319C5D7-84B5-4C92-A160-97ED8EFE94FF}.Debug|Any CPU.ActiveCfg = Debug|Any CPU
		{1319C5D7-84B5-4C92-A160-97ED8EFE94FF}.Debug|Any CPU.Build.0 = Debug|Any CPU
		{1319C5D7-84B5-4C92-A160-97ED8EFE94FF}.Debug|x64.ActiveCfg = Debug|Any CPU
		{1319C5D7-84B5-4C92-A160-97ED8EFE94FF}.Debug|x64.Build.0 = Debug|Any CPU
		{1319C5D7-84B5-4C92-A160-97ED8EFE94FF}.Debug|x86.ActiveCfg = Debug|Any CPU
		{1319C5D7-84B5-4C92-A160-97ED8EFE94FF}.Debug|x86.Build.0 = Debug|Any CPU
		{1319C5D7-84B5-4C92-A160-97ED8EFE94FF}.Release|Any CPU.ActiveCfg = Release|Any CPU
		{1319C5D7-84B5-4C92-A160-97ED8EFE94FF}.Release|Any CPU.Build.0 = Release|Any CPU
		{1319C5D7-84B5-4C92-A160-97ED8EFE94FF}.Release|x64.ActiveCfg = Release|Any CPU
		{1319C5D7-84B5-4C92-A160-97ED8EFE94FF}.Release|x64.Build.0 = Release|Any CPU
		{1319C5D7-84B5-4C92-A160-97ED8EFE94FF}.Release|x86.ActiveCfg = Release|Any CPU
		{1319C5D7-84B5-4C92-A160-97ED8EFE94FF}.Release|x86.Build.0 = Release|Any CPU
		{61BF5B75-6B83-4F41-A811-18EA834BC9BC}.Debug|Any CPU.ActiveCfg = Debug|Any CPU
		{61BF5B75-6B83-4F41-A811-18EA834BC9BC}.Debug|Any CPU.Build.0 = Debug|Any CPU
		{61BF5B75-6B83-4F41-A811-18EA834BC9BC}.Debug|x64.ActiveCfg = Debug|Any CPU
		{61BF5B75-6B83-4F41-A811-18EA834BC9BC}.Debug|x64.Build.0 = Debug|Any CPU
		{61BF5B75-6B83-4F41-A811-18EA834BC9BC}.Debug|x86.ActiveCfg = Debug|Any CPU
		{61BF5B75-6B83-4F41-A811-18EA834BC9BC}.Debug|x86.Build.0 = Debug|Any CPU
		{61BF5B75-6B83-4F41-A811-18EA834BC9BC}.Release|Any CPU.ActiveCfg = Release|Any CPU
		{61BF5B75-6B83-4F41-A811-18EA834BC9BC}.Release|Any CPU.Build.0 = Release|Any CPU
		{61BF5B75-6B83-4F41-A811-18EA834BC9BC}.Release|x64.ActiveCfg = Release|Any CPU
		{61BF5B75-6B83-4F41-A811-18EA834BC9BC}.Release|x64.Build.0 = Release|Any CPU
		{61BF5B75-6B83-4F41-A811-18EA834BC9BC}.Release|x86.ActiveCfg = Release|Any CPU
		{61BF5B75-6B83-4F41-A811-18EA834BC9BC}.Release|x86.Build.0 = Release|Any CPU
		{DDB1E27F-ED39-4E5B-83C1-CF14A3B14970}.Debug|Any CPU.ActiveCfg = Debug|Any CPU
		{DDB1E27F-ED39-4E5B-83C1-CF14A3B14970}.Debug|Any CPU.Build.0 = Debug|Any CPU
		{DDB1E27F-ED39-4E5B-83C1-CF14A3B14970}.Debug|x64.ActiveCfg = Debug|Any CPU
		{DDB1E27F-ED39-4E5B-83C1-CF14A3B14970}.Debug|x64.Build.0 = Debug|Any CPU
		{DDB1E27F-ED39-4E5B-83C1-CF14A3B14970}.Debug|x86.ActiveCfg = Debug|Any CPU
		{DDB1E27F-ED39-4E5B-83C1-CF14A3B14970}.Debug|x86.Build.0 = Debug|Any CPU
		{DDB1E27F-ED39-4E5B-83C1-CF14A3B14970}.Release|Any CPU.ActiveCfg = Release|Any CPU
		{DDB1E27F-ED39-4E5B-83C1-CF14A3B14970}.Release|Any CPU.Build.0 = Release|Any CPU
		{DDB1E27F-ED39-4E5B-83C1-CF14A3B14970}.Release|x64.ActiveCfg = Release|Any CPU
		{DDB1E27F-ED39-4E5B-83C1-CF14A3B14970}.Release|x64.Build.0 = Release|Any CPU
		{DDB1E27F-ED39-4E5B-83C1-CF14A3B14970}.Release|x86.ActiveCfg = Release|Any CPU
		{DDB1E27F-ED39-4E5B-83C1-CF14A3B14970}.Release|x86.Build.0 = Release|Any CPU
		{C9ADD723-0E3A-41B2-8441-DD4601D1A3DB}.Debug|Any CPU.ActiveCfg = Debug|Any CPU
		{C9ADD723-0E3A-41B2-8441-DD4601D1A3DB}.Debug|Any CPU.Build.0 = Debug|Any CPU
		{C9ADD723-0E3A-41B2-8441-DD4601D1A3DB}.Debug|x64.ActiveCfg = Debug|Any CPU
		{C9ADD723-0E3A-41B2-8441-DD4601D1A3DB}.Debug|x64.Build.0 = Debug|Any CPU
		{C9ADD723-0E3A-41B2-8441-DD4601D1A3DB}.Debug|x86.ActiveCfg = Debug|Any CPU
		{C9ADD723-0E3A-41B2-8441-DD4601D1A3DB}.Debug|x86.Build.0 = Debug|Any CPU
		{C9ADD723-0E3A-41B2-8441-DD4601D1A3DB}.Release|Any CPU.ActiveCfg = Release|Any CPU
		{C9ADD723-0E3A-41B2-8441-DD4601D1A3DB}.Release|Any CPU.Build.0 = Release|Any CPU
		{C9ADD723-0E3A-41B2-8441-DD4601D1A3DB}.Release|x64.ActiveCfg = Release|Any CPU
		{C9ADD723-0E3A-41B2-8441-DD4601D1A3DB}.Release|x64.Build.0 = Release|Any CPU
		{C9ADD723-0E3A-41B2-8441-DD4601D1A3DB}.Release|x86.ActiveCfg = Release|Any CPU
		{C9ADD723-0E3A-41B2-8441-DD4601D1A3DB}.Release|x86.Build.0 = Release|Any CPU
	EndGlobalSection
	GlobalSection(SolutionProperties) = preSolution
		HideSolutionNode = FALSE
	EndGlobalSection
	GlobalSection(NestedProjects) = preSolution
		{1319C5D7-84B5-4C92-A160-97ED8EFE94FF} = {827E0CD3-B72D-47B6-A68D-7590B98EB39B}
		{61BF5B75-6B83-4F41-A811-18EA834BC9BC} = {827E0CD3-B72D-47B6-A68D-7590B98EB39B}
		{DDB1E27F-ED39-4E5B-83C1-CF14A3B14970} = {0AB3BF05-4346-4AA6-1389-037BE0695223}
		{C9ADD723-0E3A-41B2-8441-DD4601D1A3DB} = {827E0CD3-B72D-47B6-A68D-7590B98EB39B}
	EndGlobalSection
EndGlobal
